// !$*UTF8*$!
{
	archiveVersion = 1;
	classes = {
	};
	objectVersion = 46;
	objects = {

/* Begin PBXBuildFile section */
		E718517B1EE4F6350053D7A0 /* main.m in Sources */ = {isa = PBXBuildFile; fileRef = E718517A1EE4F6350053D7A0 /* main.m */; };
		E718517E1EE4F6350053D7A0 /* AppDelegate.m in Sources */ = {isa = PBXBuildFile; fileRef = E718517D1EE4F6350053D7A0 /* AppDelegate.m */; };
		E71851811EE4F6350053D7A0 /* ViewController.m in Sources */ = {isa = PBXBuildFile; fileRef = E71851801EE4F6350053D7A0 /* ViewController.m */; };
		E71851841EE4F6350053D7A0 /* Main.storyboard in Resources */ = {isa = PBXBuildFile; fileRef = E71851821EE4F6350053D7A0 /* Main.storyboard */; };
		E71851861EE4F6350053D7A0 /* Assets.xcassets in Resources */ = {isa = PBXBuildFile; fileRef = E71851851EE4F6350053D7A0 /* Assets.xcassets */; };
		E71851891EE4F6350053D7A0 /* LaunchScreen.storyboard in Resources */ = {isa = PBXBuildFile; fileRef = E71851871EE4F6350053D7A0 /* LaunchScreen.storyboard */; };
		E71851921EE4F6520053D7A0 /* ArrayDefence.m in Sources */ = {isa = PBXBuildFile; fileRef = E71851911EE4F6520053D7A0 /* ArrayDefence.m */; };
/* End PBXBuildFile section */

/* Begin PBXFileReference section */
		E71851761EE4F6350053D7A0 /* ArrayDefence.app */ = {isa = PBXFileReference; explicitFileType = wrapper.application; includeInIndex = 0; path = ArrayDefence.app; sourceTree = BUILT_PRODUCTS_DIR; };
		E718517A1EE4F6350053D7A0 /* main.m */ = {isa = PBXFileReference; lastKnownFileType = sourcecode.c.objc; path = main.m; sourceTree = "<group>"; };
		E718517C1EE4F6350053D7A0 /* AppDelegate.h */ = {isa = PBXFileReference; lastKnownFileType = sourcecode.c.h; path = AppDelegate.h; sourceTree = "<group>"; };
		E718517D1EE4F6350053D7A0 /* AppDelegate.m */ = {isa = PBXFileReference; lastKnownFileType = sourcecode.c.objc; path = AppDelegate.m; sourceTree = "<group>"; };
		E718517F1EE4F6350053D7A0 /* ViewController.h */ = {isa = PBXFileReference; lastKnownFileType = sourcecode.c.h; path = ViewController.h; sourceTree = "<group>"; };
		E71851801EE4F6350053D7A0 /* ViewController.m */ = {isa = PBXFileReference; lastKnownFileType = sourcecode.c.objc; path = ViewController.m; sourceTree = "<group>"; };
		E71851831EE4F6350053D7A0 /* Base */ = {isa = PBXFileReference; lastKnownFileType = file.storyboard; name = Base; path = Base.lproj/Main.storyboard; sourceTree = "<group>"; };
		E71851851EE4F6350053D7A0 /* Assets.xcassets */ = {isa = PBXFileReference; lastKnownFileType = folder.assetcatalog; path = Assets.xcassets; sourceTree = "<group>"; };
		E71851881EE4F6350053D7A0 /* Base */ = {isa = PBXFileReference; lastKnownFileType = file.storyboard; name = Base; path = Base.lproj/LaunchScreen.storyboard; sourceTree = "<group>"; };
		E718518A1EE4F6350053D7A0 /* Info.plist */ = {isa = PBXFileReference; lastKnownFileType = text.plist.xml; path = Info.plist; sourceTree = "<group>"; };
		E71851901EE4F6520053D7A0 /* ArrayDefence.h */ = {isa = PBXFileReference; fileEncoding = 4; lastKnownFileType = sourcecode.c.h; path = ArrayDefence.h; sourceTree = "<group>"; };
		E71851911EE4F6520053D7A0 /* ArrayDefence.m */ = {isa = PBXFileReference; fileEncoding = 4; lastKnownFileType = sourcecode.c.objc; path = ArrayDefence.m; sourceTree = "<group>"; };
/* End PBXFileReference section */

/* Begin PBXFrameworksBuildPhase section */
		E71851731EE4F6350053D7A0 /* Frameworks */ = {
			isa = PBXFrameworksBuildPhase;
			buildActionMask = 2147483647;
			files = (
			);
			runOnlyForDeploymentPostprocessing = 0;
		};
/* End PBXFrameworksBuildPhase section */

/* Begin PBXGroup section */
		E718516D1EE4F6350053D7A0 = {
			isa = PBXGroup;
			children = (
				E71851781EE4F6350053D7A0 /* ArrayDefence */,
				E71851771EE4F6350053D7A0 /* Products */,
			);
			sourceTree = "<group>";
		};
		E71851771EE4F6350053D7A0 /* Products */ = {
			isa = PBXGroup;
			children = (
				E71851761EE4F6350053D7A0 /* ArrayDefence.app */,
			);
			name = Products;
			sourceTree = "<group>";
		};
		E71851781EE4F6350053D7A0 /* ArrayDefence */ = {
			isa = PBXGroup;
			children = (
				E718517C1EE4F6350053D7A0 /* AppDelegate.h */,
				E718517D1EE4F6350053D7A0 /* AppDelegate.m */,
				E718517F1EE4F6350053D7A0 /* ViewController.h */,
				E71851801EE4F6350053D7A0 /* ViewController.m */,
				E71851901EE4F6520053D7A0 /* ArrayDefence.h */,
				E71851911EE4F6520053D7A0 /* ArrayDefence.m */,
				E71851821EE4F6350053D7A0 /* Main.storyboard */,
				E71851851EE4F6350053D7A0 /* Assets.xcassets */,
				E71851871EE4F6350053D7A0 /* LaunchScreen.storyboard */,
				E718518A1EE4F6350053D7A0 /* Info.plist */,
				E71851791EE4F6350053D7A0 /* Supporting Files */,
			);
			path = ArrayDefence;
			sourceTree = "<group>";
		};
		E71851791EE4F6350053D7A0 /* Supporting Files */ = {
			isa = PBXGroup;
			children = (
				E718517A1EE4F6350053D7A0 /* main.m */,
			);
			name = "Supporting Files";
			sourceTree = "<group>";
		};
/* End PBXGroup section */

/* Begin PBXNativeTarget section */
		E71851751EE4F6350053D7A0 /* ArrayDefence */ = {
			isa = PBXNativeTarget;
			buildConfigurationList = E718518D1EE4F6350053D7A0 /* Build configuration list for PBXNativeTarget "ArrayDefence" */;
			buildPhases = (
				E71851721EE4F6350053D7A0 /* Sources */,
				E71851731EE4F6350053D7A0 /* Frameworks */,
				E71851741EE4F6350053D7A0 /* Resources */,
			);
			buildRules = (
			);
			dependencies = (
			);
			name = ArrayDefence;
			productName = ArrayDefence;
			productReference = E71851761EE4F6350053D7A0 /* ArrayDefence.app */;
			productType = "com.apple.product-type.application";
		};
/* End PBXNativeTarget section */

/* Begin PBXProject section */
		E718516E1EE4F6350053D7A0 /* Project object */ = {
			isa = PBXProject;
			attributes = {
				LastUpgradeCheck = 0820;
				ORGANIZATIONNAME = xpchina2003;
				TargetAttributes = {
					E71851751EE4F6350053D7A0 = {
						CreatedOnToolsVersion = 8.2.1;
						DevelopmentTeam = DL8J4DD62Z;
						ProvisioningStyle = Automatic;
					};
				};
			};
			buildConfigurationList = E71851711EE4F6350053D7A0 /* Build configuration list for PBXProject "ArrayDefence" */;
			compatibilityVersion = "Xcode 3.2";
			developmentRegion = English;
			hasScannedForEncodings = 0;
			knownRegions = (
				en,
				Base,
			);
			mainGroup = E718516D1EE4F6350053D7A0;
			productRefGroup = E71851771EE4F6350053D7A0 /* Products */;
			projectDirPath = "";
			projectRoot = "";
			targets = (
				E71851751EE4F6350053D7A0 /* ArrayDefence */,
			);
		};
/* End PBXProject section */

/* Begin PBXResourcesBuildPhase section */
		E71851741EE4F6350053D7A0 /* Resources */ = {
			isa = PBXResourcesBuildPhase;
			buildActionMask = 2147483647;
			files = (
				E71851891EE4F6350053D7A0 /* LaunchScreen.storyboard in Resources */,
				E71851861EE4F6350053D7A0 /* Assets.xcassets in Resources */,
				E71851841EE4F6350053D7A0 /* Main.storyboard in Resources */,
			);
			runOnlyForDeploymentPostprocessing = 0;
		};
/* End PBXResourcesBuildPhase section */

/* Begin PBXSourcesBuildPhase section */
		E71851721EE4F6350053D7A0 /* Sources */ = {
			isa = PBXSourcesBuildPhase;
			buildActionMask = 2147483647;
			files = (
				E71851811EE4F6350053D7A0 /* ViewController.m in Sources */,
				E718517E1EE4F6350053D7A0 /* AppDelegate.m in Sources */,
				E71851921EE4F6520053D7A0 /* ArrayDefence.m in Sources */,
				E718517B1EE4F6350053D7A0 /* main.m in Sources */,
			);
			runOnlyForDeploymentPostprocessing = 0;
		};
/* End PBXSourcesBuildPhase section */

/* Begin PBXVariantGroup section */
		E71851821EE4F6350053D7A0 /* Main.storyboard */ = {
			isa = PBXVariantGroup;
			children = (
				E71851831EE4F6350053D7A0 /* Base */,
			);
			name = Main.storyboard;
			sourceTree = "<group>";
		};
		E71851871EE4F6350053D7A0 /* LaunchScreen.storyboard */ = {
			isa = PBXVariantGroup;
			children = (
				E71851881EE4F6350053D7A0 /* Base */,
			);
			name = LaunchScreen.storyboard;
			sourceTree = "<group>";
		};
/* End PBXVariantGroup section */

/* Begin XCBuildConfiguration section */
		E718518B1EE4F6350053D7A0 /* Debug */ = {
			isa = XCBuildConfiguration;
			buildSettings = {
				ALWAYS_SEARCH_USER_PATHS = NO;
				CLANG_ANALYZER_NONNULL = YES;
				CLANG_CXX_LANGUAGE_STANDARD = "gnu++0x";
				CLANG_CXX_LIBRARY = "libc++";
				CLANG_ENABLE_MODULES = YES;
				CLANG_ENABLE_OBJC_ARC = YES;
				CLANG_WARN_BOOL_CONVERSION = YES;
				CLANG_WARN_CONSTANT_CONVERSION = YES;
				CLANG_WARN_DIRECT_OBJC_ISA_USAGE = YES_ERROR;
				CLANG_WARN_DOCUMENTATION_COMMENTS = YES;
				CLANG_WARN_EMPTY_BODY = YES;
				CLANG_WARN_ENUM_CONVERSION = YES;
				CLANG_WARN_INFINITE_RECURSION = YES;
				CLANG_WARN_INT_CONVERSION = YES;
				CLANG_WARN_OBJC_ROOT_CLASS = YES_ERROR;
				CLANG_WARN_SUSPICIOUS_MOVE = YES;
				CLANG_WARN_UNREACHABLE_CODE = YES;
				CLANG_WARN__DUPLICATE_METHOD_MATCH = YES;
				"CODE_SIGN_IDENTITY[sdk=iphoneos*]" = "iPhone Developer";
				COPY_PHASE_STRIP = NO;
				DEBUG_INFORMATION_FORMAT = dwarf;
				ENABLE_STRICT_OBJC_MSGSEND = YES;
				ENABLE_TESTABILITY = YES;
				GCC_C_LANGUAGE_STANDARD = gnu99;
				GCC_DYNAMIC_NO_PIC = NO;
				GCC_NO_COMMON_BLOCKS = YES;
				GCC_OPTIMIZATION_LEVEL = 0;
				GCC_PREPROCESSOR_DEFINITIONS = (
					"DEBUG=1",
					"$(inherited)",
				);
				GCC_WARN_64_TO_32_BIT_CONVERSION = YES;
				GCC_WARN_ABOUT_RETURN_TYPE = YES_ERROR;
				GCC_WARN_UNDECLARED_SELECTOR = YES;
				GCC_WARN_UNINITIALIZED_AUTOS = YES_AGGRESSIVE;
				GCC_WARN_UNUSED_FUNCTION = YES;
				GCC_WARN_UNUSED_VARIABLE = YES;
				IPHONEOS_DEPLOYMENT_TARGET = 10.2;
				MTL_ENABLE_DEBUG_INFO = YES;
				ONLY_ACTIVE_ARCH = YES;
				SDKROOT = iphoneos;
				TARGETED_DEVICE_FAMILY = "1,2";
			};
			name = Debug;
		};
		E718518C1EE4F6350053D7A0 /* Release */ = {
			isa = XCBuildConfiguration;
			buildSettings = {
				ALWAYS_SEARCH_USER_PATHS = NO;
				CLANG_ANALYZER_NONNULL = YES;
				CLANG_CXX_LANGUAGE_STANDARD = "gnu++0x";
				CLANG_CXX_LIBRARY = "libc++";
				CLANG_ENABLE_MODULES = YES;
				CLANG_ENABLE_OBJC_ARC = YES;
				CLANG_WARN_BOOL_CONVERSION = YES;
				CLANG_WARN_CONSTANT_CONVERSION = YES;
				CLANG_WARN_DIRECT_OBJC_ISA_USAGE = YES_ERROR;
				CLANG_WARN_DOCUMENTATION_COMMENTS = YES;
				CLANG_WARN_EMPTY_BODY = YES;
				CLANG_WARN_ENUM_CONVERSION = YES;
				CLANG_WARN_INFINITE_RECURSION = YES;
				CLANG_WARN_INT_CONVERSION = YES;
				CLANG_WARN_OBJC_ROOT_CLASS = YES_ERROR;
				CLANG_WARN_SUSPICIOUS_MOVE = YES;
				CLANG_WARN_UNREACHABLE_CODE = YES;
				CLANG_WARN__DUPLICATE_METHOD_MATCH = YES;
				"CODE_SIGN_IDENTITY[sdk=iphoneos*]" = "iPhone Developer";
				COPY_PHASE_STRIP = NO;
				DEBUG_INFORMATION_FORMAT = "dwarf-with-dsym";
				ENABLE_NS_ASSERTIONS = NO;
				ENABLE_STRICT_OBJC_MSGSEND = YES;
				GCC_C_LANGUAGE_STANDARD = gnu99;
				GCC_NO_COMMON_BLOCKS = YES;
				GCC_WARN_64_TO_32_BIT_CONVERSION = YES;
				GCC_WARN_ABOUT_RETURN_TYPE = YES_ERROR;
				GCC_WARN_UNDECLARED_SELECTOR = YES;
				GCC_WARN_UNINITIALIZED_AUTOS = YES_AGGRESSIVE;
				GCC_WARN_UNUSED_FUNCTION = YES;
				GCC_WARN_UNUSED_VARIABLE = YES;
				IPHONEOS_DEPLOYMENT_TARGET = 10.2;
				MTL_ENABLE_DEBUG_INFO = NO;
				SDKROOT = iphoneos;
				TARGETED_DEVICE_FAMILY = "1,2";
				VALIDATE_PRODUCT = YES;
			};
			name = Release;
		};
		E718518E1EE4F6350053D7A0 /* Debug */ = {
			isa = XCBuildConfiguration;
			buildSettings = {
				ASSETCATALOG_COMPILER_APPICON_NAME = AppIcon;
				DEVELOPMENT_TEAM = DL8J4DD62Z;
				INFOPLIST_FILE = ArrayDefence/Info.plist;
				LD_RUNPATH_SEARCH_PATHS = "$(inherited) @executable_path/Frameworks";
				PRODUCT_BUNDLE_IDENTIFIER = Grain.ArrayDefence;
				PRODUCT_NAME = "$(TARGET_NAME)";
			};
			name = Debug;
		};
		E718518F1EE4F6350053D7A0 /* Release */ = {
			isa = XCBuildConfiguration;
			buildSettings = {
				ASSETCATALOG_COMPILER_APPICON_NAME = AppIcon;
				DEVELOPMENT_TEAM = DL8J4DD62Z;
				INFOPLIST_FILE = ArrayDefence/Info.plist;
				LD_RUNPATH_SEARCH_PATHS = "$(inherited) @executable_path/Frameworks";
				PRODUCT_BUNDLE_IDENTIFIER = Grain.ArrayDefence;
				PRODUCT_NAME = "$(TARGET_NAME)";
			};
			name = Release;
		};
/* End XCBuildConfiguration section */

/* Begin XCConfigurationList section */
		E71851711EE4F6350053D7A0 /* Build configuration list for PBXProject "ArrayDefence" */ = {
			isa = XCConfigurationList;
			buildConfigurations = (
				E718518B1EE4F6350053D7A0 /* Debug */,
				E718518C1EE4F6350053D7A0 /* Release */,
			);
			defaultConfigurationIsVisible = 0;
			defaultConfigurationName = Release;
		};
		E718518D1EE4F6350053D7A0 /* Build configuration list for PBXNativeTarget "ArrayDefence" */ = {
			isa = XCConfigurationList;
			buildConfigurations = (
				E718518E1EE4F6350053D7A0 /* Debug */,
				E718518F1EE4F6350053D7A0 /* Release */,
			);
			defaultConfigurationIsVisible = 0;
		};
/* End XCConfigurationList section */
	};
	rootObject = E718516E1EE4F6350053D7A0 /* Project object */;
}
